
Microsoft Visual Studio Solution File, Format Version 12.00
# Visual Studio Version 17
VisualStudioVersion = 17.8.34316.72
MinimumVisualStudioVersion = 10.0.40219.1
Project("{FAE04EC0-301F-11D3-BF4B-00C04F79EFBC}") = "Online Banking Services", "Online Banking Services.csproj", "{017A7294-53A0-48FB-B696-A3A7E70A27FB}"
EndProject
Global
	GlobalSection(SolutionConfigurationPlatforms) = preSolution
		Debug|Any CPU = Debug|Any CPU
		Release|Any CPU = Release|Any CPU
	EndGlobalSection
	GlobalSection(ProjectConfigurationPlatforms) = postSolution
		{017A7294-53A0-48FB-B696-A3A7E70A27FB}.Debug|Any CPU.ActiveCfg = Debug|Any CPU
		{017A7294-53A0-48FB-B696-A3A7E70A27FB}.Debug|Any CPU.Build.0 = Debug|Any CPU
		{017A7294-53A0-48FB-B696-A3A7E70A27FB}.Release|Any CPU.ActiveCfg = Release|Any CPU
		{017A7294-53A0-48FB-B696-A3A7E70A27FB}.Release|Any CPU.Build.0 = Release|Any CPU
	EndGlobalSection
	GlobalSection(SolutionProperties) = preSolution
		HideSolutionNode = FALSE
	EndGlobalSection
	GlobalSection(ExtensibilityGlobals) = postSolution
		SolutionGuid = {A7BF5DC8-5169-4CC3-9BFE-F087EA4EEC6B}
	EndGlobalSection
EndGlobal
